{
  "name": "stencil-starter-project-name",
  "version": "0.0.1",
  "lockfileVersion": 1,
  "requires": true,
  "dependencies": {
    "@stencil/core": {
      "version": "2.9.0",
      "resolved": "https://registry.npmjs.org/@stencil/core/-/core-2.9.0.tgz",
      "integrity": "sha512-kY3xYolZoJO1MKslL0NQccHy72R3TIl1prHgfmIrEoGcnMgc6uiskdWaGMuI5/sCGz9T+QuTVz76B1H2ySyBZg=="
    }
  }
}
