{
  "name": "stencil-starter-project-name",
  "version": "0.0.1",
  "lockfileVersion": 1,
  "requires": true,
  "dependencies": {
    "@stencil/core": {
      "version": "2.4.0-3",
      "resolved": "https://registry.npmjs.org/@stencil/core/-/core-2.4.0-3.tgz",
      "integrity": "sha512-tY1clc3zXLi0VjWjJALEkX/gstfA4bVMYfLZ6GFAVreBFkR59XZknNdyJxHCyHLm9Qia4cPAKeTpic7QbnB88Q=="
    }
  }
}
